PODS:
  - Flutter (1.0.0)
  - onlo_flutter (0.3.2):
    - Flutter
    - OnloSDK (= 0.3.2)
  - OnloSDK (0.3.2)

DEPENDENCIES:
  - Flutter (from `Flutter`)
  - onlo_flutter (from `.symlinks/plugins/onlo_flutter/ios`)
  - OnloSDK (from `../../..`)

EXTERNAL SOURCES:
  Flutter:
    :path: Flutter
  onlo_flutter:
    :path: ".symlinks/plugins/onlo_flutter/ios"
  OnloSDK:
    :path: "../../.."

SPEC CHECKSUMS:
  Flutter: cabc95a1d2626b1b06e7179b784ebcf0c0cde467
  onlo_flutter: a9d2300083dc43b3f50c31cbc668dd081e526385
  OnloSDK: ffcfe08105fcb3d41f3db0d2168ab24f6e46fbda

PODFILE CHECKSUM: d0859211387a3892796ef917a6f56275c21fb611

COCOAPODS: 1.16.2
