PODS:
  - Flutter (1.0.0)
  - onlo_flutter (0.1.0):
    - Flutter
    - OnloSDK (= 0.1.0)
  - OnloSDK (0.1.0)

DEPENDENCIES:
  - Flutter (from `Flutter`)
  - onlo_flutter (from `.symlinks/plugins/onlo_flutter/ios`)
  - OnloSDK (from `../../..`)

EXTERNAL SOURCES:
  Flutter:
    :path: Flutter
  onlo_flutter:
    :path: ".symlinks/plugins/onlo_flutter/ios"
  OnloSDK:
    :path: "../../.."

SPEC CHECKSUMS:
  Flutter: cabc95a1d2626b1b06e7179b784ebcf0c0cde467
  onlo_flutter: a084832bc4747cb52435416daee2092a359ec46b
  OnloSDK: 2e26a4a79a6175e8e5b3f62b22d742f7a579ccb2

PODFILE CHECKSUM: d0859211387a3892796ef917a6f56275c21fb611

COCOAPODS: 1.16.2
