// !$*UTF8*$!
{
	archiveVersion = 1;
	classes = {
	};
	objectVersion = 71;
	objects = {

/* Begin PBXBuildFile section */
		A10000000000000000000001 /* OnloSDK in Frameworks */ = {isa = PBXBuildFile; productRef = A10000000000000000000002 /* OnloSDK */; };
/* End PBXBuildFile section */

/* Begin PBXFileReference section */
		A10000000000000000000005 /* OnloLocalE2EApp.app */ = {isa = PBXFileReference; explicitFileType = wrapper.application; includeInIndex = 0; path = OnloLocalE2EApp.app; sourceTree = BUILT_PRODUCTS_DIR; };
		A10000000000000000000015 /* OnloExample.xcconfig.example */ = {isa = PBXFileReference; lastKnownFileType = text.xcconfig; path = OnloExample.xcconfig.example; sourceTree = "<group>"; };
/* End PBXFileReference section */

/* Begin PBXFileSystemSynchronizedRootGroup section */
		A10000000000000000000006 /* OnloLocalE2EApp */ = {isa = PBXFileSystemSynchronizedRootGroup; explicitFileTypes = {}; explicitFolders = (); path = OnloLocalE2EApp; sourceTree = "<group>"; };
/* End PBXFileSystemSynchronizedRootGroup section */

/* Begin PBXFrameworksBuildPhase section */
		A10000000000000000000003 /* Frameworks */ = {
			isa = PBXFrameworksBuildPhase;
			buildActionMask = 2147483647;
			files = (
				A10000000000000000000001 /* OnloSDK in Frameworks */,
			);
			runOnlyForDeploymentPostprocessing = 0;
		};
/* End PBXFrameworksBuildPhase section */

/* Begin PBXGroup section */
		A10000000000000000000004 = {
			isa = PBXGroup;
			children = (
				A10000000000000000000005 /* OnloLocalE2EApp.app */,
			);
			sourceTree = "<group>";
		};
		A1000000000000000000000D = {
			isa = PBXGroup;
			children = (
				A10000000000000000000015 /* OnloExample.xcconfig.example */,
				A10000000000000000000006 /* OnloLocalE2EApp */,
				A10000000000000000000004,
			);
			sourceTree = "<group>";
		};
/* End PBXGroup section */

/* Begin PBXNativeTarget section */
		A10000000000000000000007 /* OnloLocalE2EApp */ = {
			isa = PBXNativeTarget;
			buildConfigurationList = A10000000000000000000008 /* Build configuration list for PBXNativeTarget "OnloLocalE2EApp" */;
			buildPhases = (
				A10000000000000000000009 /* Sources */,
				A10000000000000000000003 /* Frameworks */,
				A10000000000000000000010 /* Resources */,
				A10000000000000000000014 /* Trust local backend certificate */,
			);
			buildRules = (
			);
			dependencies = (
			);
			fileSystemSynchronizedGroups = (
				A10000000000000000000006 /* OnloLocalE2EApp */,
			);
			name = OnloLocalE2EApp;
			packageProductDependencies = (
				A10000000000000000000002 /* OnloSDK */,
			);
			productName = OnloLocalE2EApp;
			productReference = A10000000000000000000005 /* OnloLocalE2EApp.app */;
			productType = "com.apple.product-type.application";
		};
/* End PBXNativeTarget section */

/* Begin PBXProject section */
		A1000000000000000000000B /* Project object */ = {
			isa = PBXProject;
			attributes = {
				LastSwiftUpdateCheck = 2640;
				LastUpgradeCheck = 2640;
				TargetAttributes = {
					A10000000000000000000007 = {
						CreatedOnToolsVersion = 26.4;
					};
				};
			};
			buildConfigurationList = A1000000000000000000000C /* Build configuration list for PBXProject "OnloLocalE2EApp" */;
			compatibilityVersion = "Xcode 16.0";
			developmentRegion = en;
			hasScannedForEncodings = 0;
			knownRegions = (
				en,
				Base,
			);
			mainGroup = A1000000000000000000000D;
			packageReferences = (
				A1000000000000000000000E /* XCLocalSwiftPackageReference "../../packages/ios" */,
			);
			productRefGroup = A10000000000000000000004;
			projectDirPath = "";
			projectRoot = "";
			targets = (
				A10000000000000000000007 /* OnloLocalE2EApp */,
			);
		};
/* End PBXProject section */

/* Begin PBXResourcesBuildPhase section */
		A10000000000000000000010 /* Resources */ = {
			isa = PBXResourcesBuildPhase;
			buildActionMask = 2147483647;
			files = (
			);
			runOnlyForDeploymentPostprocessing = 0;
		};
/* End PBXResourcesBuildPhase section */

/* Begin PBXShellScriptBuildPhase section */
		A10000000000000000000014 /* Trust local backend certificate */ = {
			isa = PBXShellScriptBuildPhase;
			alwaysOutOfDate = 1;
			buildActionMask = 2147483647;
			files = (
			);
			inputFileListPaths = (
			);
			inputPaths = (
			);
			name = "Trust local backend certificate";
			outputFileListPaths = (
			);
			outputPaths = (
			);
			runOnlyForDeploymentPostprocessing = 0;
			shellPath = /bin/sh;
			shellScript = "CERTIFICATE_PATH=\"$SRCROOT/../merchant-backend/.local/localhost-cert.pem\"\nif [ -f \"$CERTIFICATE_PATH\" ] && [ -n \"$TARGET_DEVICE_IDENTIFIER\" ]; then\n  /usr/bin/xcrun simctl keychain \"$TARGET_DEVICE_IDENTIFIER\" add-root-cert \"$CERTIFICATE_PATH\" || true\nfi\n";
		};
/* End PBXShellScriptBuildPhase section */

/* Begin PBXSourcesBuildPhase section */
		A10000000000000000000009 /* Sources */ = {
			isa = PBXSourcesBuildPhase;
			buildActionMask = 2147483647;
			files = (
			);
			runOnlyForDeploymentPostprocessing = 0;
		};
/* End PBXSourcesBuildPhase section */

/* Begin XCBuildConfiguration section */
		A1000000000000000000000F /* Debug */ = {
			isa = XCBuildConfiguration;
			buildSettings = {
				CLANG_CXX_LANGUAGE_STANDARD = "gnu++20";
				CLANG_ENABLE_MODULES = YES;
				SWIFT_VERSION = 6.0;
			};
			name = Debug;
		};
		A10000000000000000000011 /* Release */ = {
			isa = XCBuildConfiguration;
			buildSettings = {
				CLANG_CXX_LANGUAGE_STANDARD = "gnu++20";
				CLANG_ENABLE_MODULES = YES;
				SWIFT_VERSION = 6.0;
			};
			name = Release;
		};
		A10000000000000000000012 /* Debug */ = {
			isa = XCBuildConfiguration;
			baseConfigurationReference = A10000000000000000000015 /* OnloExample.xcconfig.example */;
			buildSettings = {
				ASSETCATALOG_COMPILER_APPICON_NAME = "";
				CODE_SIGN_ENTITLEMENTS = OnloLocalE2EApp/OnloLocalE2EApp.entitlements;
				CODE_SIGN_STYLE = Automatic;
				CURRENT_PROJECT_VERSION = 1;
				DEVELOPMENT_TEAM = "";
				GENERATE_INFOPLIST_FILE = NO;
				INFOPLIST_FILE = Info.plist;
				INFOPLIST_KEY_CFBundleDisplayName = "Onlo E2E";
				INFOPLIST_KEY_NSCameraUsageDescription = "Take a photo to attach to a support message.";
				INFOPLIST_KEY_NSMicrophoneUsageDescription = "Use your microphone to dictate a support message.";
				INFOPLIST_KEY_NSSpeechRecognitionUsageDescription = "Convert your spoken support message into text.";
				INFOPLIST_KEY_ONLO_DEVELOPMENT_ORIGIN = "$(ONLO_DEVELOPMENT_ORIGIN)";
				INFOPLIST_KEY_ONLO_SDK_KEY = "$(ONLO_SDK_KEY)";
				INFOPLIST_KEY_ONLO_USE_DEVELOPMENT_ORIGIN = "$(ONLO_USE_DEVELOPMENT_ORIGIN)";
				IPHONEOS_DEPLOYMENT_TARGET = 15.0;
				MARKETING_VERSION = 0.0.0;
				PRODUCT_BUNDLE_IDENTIFIER = ai.onlo.locale2e;
				PRODUCT_NAME = "$(TARGET_NAME)";
				SDKROOT = iphoneos;
				SUPPORTED_PLATFORMS = "iphoneos iphonesimulator";
				"SWIFT_ACTIVE_COMPILATION_CONDITIONS[arch=*]" = "$(inherited) DEBUG";
				SWIFT_EMIT_LOC_STRINGS = YES;
				TARGETED_DEVICE_FAMILY = "1,2";
			};
			name = Debug;
		};
		A10000000000000000000013 /* Release */ = {
			isa = XCBuildConfiguration;
			baseConfigurationReference = A10000000000000000000015 /* OnloExample.xcconfig.example */;
			buildSettings = {
				ASSETCATALOG_COMPILER_APPICON_NAME = "";
				CODE_SIGN_ENTITLEMENTS = OnloLocalE2EApp/OnloLocalE2EApp.entitlements;
				CODE_SIGN_STYLE = Automatic;
				CURRENT_PROJECT_VERSION = 1;
				DEVELOPMENT_TEAM = "";
				GENERATE_INFOPLIST_FILE = NO;
				INFOPLIST_FILE = Info.plist;
				INFOPLIST_KEY_CFBundleDisplayName = "Onlo E2E";
				INFOPLIST_KEY_NSCameraUsageDescription = "Take a photo to attach to a support message.";
				INFOPLIST_KEY_NSMicrophoneUsageDescription = "Use your microphone to dictate a support message.";
				INFOPLIST_KEY_NSSpeechRecognitionUsageDescription = "Convert your spoken support message into text.";
				INFOPLIST_KEY_ONLO_DEVELOPMENT_ORIGIN = "$(ONLO_DEVELOPMENT_ORIGIN)";
				INFOPLIST_KEY_ONLO_SDK_KEY = "$(ONLO_SDK_KEY)";
				INFOPLIST_KEY_ONLO_USE_DEVELOPMENT_ORIGIN = "$(ONLO_USE_DEVELOPMENT_ORIGIN)";
				IPHONEOS_DEPLOYMENT_TARGET = 15.0;
				MARKETING_VERSION = 0.0.0;
				PRODUCT_BUNDLE_IDENTIFIER = ai.onlo.locale2e;
				PRODUCT_NAME = "$(TARGET_NAME)";
				SDKROOT = iphoneos;
				SUPPORTED_PLATFORMS = "iphoneos iphonesimulator";
				SWIFT_EMIT_LOC_STRINGS = YES;
				TARGETED_DEVICE_FAMILY = "1,2";
			};
			name = Release;
		};
/* End XCBuildConfiguration section */

/* Begin XCConfigurationList section */
		A10000000000000000000008 /* Build configuration list for PBXNativeTarget "OnloLocalE2EApp" */ = {
			isa = XCConfigurationList;
			buildConfigurations = (
				A10000000000000000000012 /* Debug */,
				A10000000000000000000013 /* Release */,
			);
			defaultConfigurationIsVisible = 0;
			defaultConfigurationName = Release;
		};
		A1000000000000000000000C /* Build configuration list for PBXProject "OnloLocalE2EApp" */ = {
			isa = XCConfigurationList;
			buildConfigurations = (
				A1000000000000000000000F /* Debug */,
				A10000000000000000000011 /* Release */,
			);
			defaultConfigurationIsVisible = 0;
			defaultConfigurationName = Release;
		};
/* End XCConfigurationList section */

/* Begin XCLocalSwiftPackageReference section */
		A1000000000000000000000E /* XCLocalSwiftPackageReference "../../packages/ios" */ = {
			isa = XCLocalSwiftPackageReference;
			relativePath = ../../packages/ios;
		};
/* End XCLocalSwiftPackageReference section */

/* Begin XCSwiftPackageProductDependency section */
		A10000000000000000000002 /* OnloSDK */ = {
			isa = XCSwiftPackageProductDependency;
			package = A1000000000000000000000E /* XCLocalSwiftPackageReference "../../packages/ios" */;
			productName = OnloSDK;
		};
/* End XCSwiftPackageProductDependency section */
	};
	rootObject = A1000000000000000000000B /* Project object */;
}
